dependencies:
- name: postgresql
  repository: https://charts.bitnami.com/bitnami
  version: 12.5.6
- name: redis
  repository: https://charts.bitnami.com/bitnami
  version: 17.11.3
- name: smart-contract-verifier-http
  repository: https://ethpandaops.github.io/ethereum-helm-charts
  version: 0.1.2
digest: sha256:76c59ac321a39d44e2dff36f0385a93fd9537c827d94061f569e066ec8769d03
generated: "2023-06-01T15:12:29.07154+02:00"
