dependencies:
- name: besu
  repository: https://ethpandaops.github.io/ethereum-helm-charts
  version: 1.1.2
- name: erigon
  repository: https://ethpandaops.github.io/ethereum-helm-charts
  version: 2.0.1
- name: ethereumjs
  repository: https://ethpandaops.github.io/ethereum-helm-charts
  version: 0.1.1
- name: geth
  repository: https://ethpandaops.github.io/ethereum-helm-charts
  version: 1.1.2
- name: nethermind
  repository: https://ethpandaops.github.io/ethereum-helm-charts
  version: 1.1.0
- name: reth
  repository: https://ethpandaops.github.io/ethereum-helm-charts
  version: 0.1.4
- name: ethrex
  repository: https://ethpandaops.github.io/ethereum-helm-charts
  version: 0.1.1
- name: grandine
  repository: https://ethpandaops.github.io/ethereum-helm-charts
  version: 0.2.1
- name: lighthouse
  repository: https://ethpandaops.github.io/ethereum-helm-charts
  version: 1.1.7
- name: lodestar
  repository: https://ethpandaops.github.io/ethereum-helm-charts
  version: 1.2.0
- name: nimbus
  repository: https://ethpandaops.github.io/ethereum-helm-charts
  version: 1.2.0
- name: prysm
  repository: https://ethpandaops.github.io/ethereum-helm-charts
  version: 1.2.2
- name: teku
  repository: https://ethpandaops.github.io/ethereum-helm-charts
  version: 1.2.0
- name: ethereum-metrics-exporter
  repository: https://ethpandaops.github.io/ethereum-helm-charts
  version: 0.2.0
- name: xatu-sentry
  repository: https://ethpandaops.github.io/ethereum-helm-charts
  version: 0.0.8
- name: tracoor-agent
  repository: https://ethpandaops.github.io/ethereum-helm-charts
  version: 0.0.1
- name: rpc-snooper
  repository: file://../rpc-snooper
  version: 0.0.2
digest: sha256:7dfe16c463ffb01103bb025736fc5e4eaece8ce43caee475ddc929916e11d697
generated: "2026-01-23T20:01:38.456218+10:00"
