dependencies:
- name: besu
  repository: https://ethpandaops.github.io/ethereum-helm-charts
  version: 1.1.2
- name: erigon
  repository: https://ethpandaops.github.io/ethereum-helm-charts
  version: 2.0.1
- name: ethereumjs
  repository: https://ethpandaops.github.io/ethereum-helm-charts
  version: 0.1.1
- name: geth
  repository: https://ethpandaops.github.io/ethereum-helm-charts
  version: 1.1.2
- name: nethermind
  repository: https://ethpandaops.github.io/ethereum-helm-charts
  version: 1.1.0
- name: reth
  repository: https://ethpandaops.github.io/ethereum-helm-charts
  version: 0.1.7
- name: ethrex
  repository: https://ethpandaops.github.io/ethereum-helm-charts
  version: 0.1.1
- name: grandine
  repository: https://ethpandaops.github.io/ethereum-helm-charts
  version: 0.2.1
- name: lighthouse
  repository: https://ethpandaops.github.io/ethereum-helm-charts
  version: 1.1.8
- name: lodestar
  repository: https://ethpandaops.github.io/ethereum-helm-charts
  version: 1.2.0
- name: nimbus
  repository: https://ethpandaops.github.io/ethereum-helm-charts
  version: 1.2.0
- name: prysm
  repository: https://ethpandaops.github.io/ethereum-helm-charts
  version: 1.2.2
- name: teku
  repository: https://ethpandaops.github.io/ethereum-helm-charts
  version: 1.2.0
- name: ethereum-metrics-exporter
  repository: https://ethpandaops.github.io/ethereum-helm-charts
  version: 0.2.1
- name: xatu-sentry
  repository: https://ethpandaops.github.io/ethereum-helm-charts
  version: 0.0.8
- name: tracoor-agent
  repository: https://ethpandaops.github.io/ethereum-helm-charts
  version: 0.0.1
- name: observoor
  repository: file://../observoor
  version: 0.0.3
- name: xatu-sentry-logs
  repository: file://../xatu-sentry-logs
  version: 0.0.2
- name: rpc-snooper
  repository: file://../rpc-snooper
  version: 0.0.2
digest: sha256:b182647611dc8ce9961adc68023e07ad2660518d6b21c85a15a5c861c7c07875
generated: "2026-03-30T12:50:55.301171+10:00"
