dependencies:
- name: besu
  repository: file://../besu
  version: 1.0.7
- name: erigon
  repository: file://../erigon
  version: 1.0.10
- name: ethereumjs
  repository: file://../ethereumjs
  version: 0.0.8
- name: geth
  repository: file://../geth
  version: 1.0.8
- name: nethermind
  repository: file://../nethermind
  version: 1.0.12
- name: reth
  repository: file://../reth
  version: 0.0.14
- name: grandine
  repository: file://../grandine
  version: 0.1.2
- name: lighthouse
  repository: file://../lighthouse
  version: 1.1.3
- name: lodestar
  repository: file://../lodestar
  version: 1.1.3
- name: nimbus
  repository: file://../nimbus
  version: 1.1.3
- name: prysm
  repository: file://../prysm
  version: 1.1.4
- name: teku
  repository: file://../teku
  version: 1.1.3
- name: ethereum-metrics-exporter
  repository: file://../ethereum-metrics-exporter
  version: 0.2.0
- name: xatu-sentry
  repository: file://../xatu-sentry
  version: 0.0.8
- name: tracoor-agent
  repository: file://../tracoor-agent
  version: 0.0.1
digest: sha256:73378194a52810152edf2c4fc108ecf43c4375907f942f19b9eb7877188711d9
generated: "2024-10-10T12:53:23.85313+10:00"
